
Microsoft Visual Studio Solution File, Format Version 12.00
# Visual Studio Version 16
VisualStudioVersion = 16.0.29806.167
MinimumVisualStudioVersion = 10.0.40219.1
Project("{FAE04EC0-301F-11D3-BF4B-00C04F79EFBC}") = "Dominio", "Dominio\Dominio.csproj", "{ADD0A033-F8A7-47CD-A0FE-334A4369261F}"
EndProject
Project("{FAE04EC0-301F-11D3-BF4B-00C04F79EFBC}") = "MVCPortLog", "MVCPortLog\MVCPortLog.csproj", "{29EDB90F-C4C1-4A76-8A6D-C199D25B9A6D}"
	ProjectSection(ProjectDependencies) = postProject
		{5EDD4A7A-37DA-4AC1-9265-20B95A81D386} = {5EDD4A7A-37DA-4AC1-9265-20B95A81D386}
	EndProjectSection
EndProject
Project("{FAE04EC0-301F-11D3-BF4B-00C04F79EFBC}") = "Repositorios", "Repositorios\Repositorios.csproj", "{1C3F877B-001D-4221-B12A-2BB5EC3DFF53}"
EndProject
Project("{2150E333-8FDC-42A3-9474-1A3956D46DE8}") = "Solution Items", "Solution Items", "{83FEB84B-9EC0-4EAD-A75F-F14F695BE5CD}"
	ProjectSection(SolutionItems) = preProject
		Scripts_BD\Creacion Tablas.sql = Scripts_BD\Creacion Tablas.sql
	EndProjectSection
EndProject
Project("{FAE04EC0-301F-11D3-BF4B-00C04F79EFBC}") = "WCFServices", "WCFServices\WCFServices.csproj", "{5EDD4A7A-37DA-4AC1-9265-20B95A81D386}"
EndProject
Global
	GlobalSection(SolutionConfigurationPlatforms) = preSolution
		Debug|Any CPU = Debug|Any CPU
		Release|Any CPU = Release|Any CPU
	EndGlobalSection
	GlobalSection(ProjectConfigurationPlatforms) = postSolution
		{ADD0A033-F8A7-47CD-A0FE-334A4369261F}.Debug|Any CPU.ActiveCfg = Debug|Any CPU
		{ADD0A033-F8A7-47CD-A0FE-334A4369261F}.Debug|Any CPU.Build.0 = Debug|Any CPU
		{ADD0A033-F8A7-47CD-A0FE-334A4369261F}.Release|Any CPU.ActiveCfg = Release|Any CPU
		{ADD0A033-F8A7-47CD-A0FE-334A4369261F}.Release|Any CPU.Build.0 = Release|Any CPU
		{29EDB90F-C4C1-4A76-8A6D-C199D25B9A6D}.Debug|Any CPU.ActiveCfg = Debug|Any CPU
		{29EDB90F-C4C1-4A76-8A6D-C199D25B9A6D}.Debug|Any CPU.Build.0 = Debug|Any CPU
		{29EDB90F-C4C1-4A76-8A6D-C199D25B9A6D}.Release|Any CPU.ActiveCfg = Release|Any CPU
		{29EDB90F-C4C1-4A76-8A6D-C199D25B9A6D}.Release|Any CPU.Build.0 = Release|Any CPU
		{1C3F877B-001D-4221-B12A-2BB5EC3DFF53}.Debug|Any CPU.ActiveCfg = Debug|Any CPU
		{1C3F877B-001D-4221-B12A-2BB5EC3DFF53}.Debug|Any CPU.Build.0 = Debug|Any CPU
		{1C3F877B-001D-4221-B12A-2BB5EC3DFF53}.Release|Any CPU.ActiveCfg = Release|Any CPU
		{1C3F877B-001D-4221-B12A-2BB5EC3DFF53}.Release|Any CPU.Build.0 = Release|Any CPU
		{5EDD4A7A-37DA-4AC1-9265-20B95A81D386}.Debug|Any CPU.ActiveCfg = Debug|Any CPU
		{5EDD4A7A-37DA-4AC1-9265-20B95A81D386}.Debug|Any CPU.Build.0 = Debug|Any CPU
		{5EDD4A7A-37DA-4AC1-9265-20B95A81D386}.Release|Any CPU.ActiveCfg = Release|Any CPU
		{5EDD4A7A-37DA-4AC1-9265-20B95A81D386}.Release|Any CPU.Build.0 = Release|Any CPU
	EndGlobalSection
	GlobalSection(SolutionProperties) = preSolution
		HideSolutionNode = FALSE
	EndGlobalSection
	GlobalSection(ExtensibilityGlobals) = postSolution
		SolutionGuid = {02C12C69-7E17-426B-B4DB-1F3EE03A1510}
	EndGlobalSection
EndGlobal
